
Microsoft Visual Studio Solution File, Format Version 12.00
# Visual Studio Version 16
VisualStudioVersion = 16.0.30621.155
MinimumVisualStudioVersion = 10.0.40219.1
Project("{FAE04EC0-301F-11D3-BF4B-00C04F79EFBC}") = "FormShowPerfomance", "FormShowPerfomance\FormShowPerfomance.csproj", "{3A180231-4A5A-427C-9BFC-E096D4989FD0}"
EndProject
Global
	GlobalSection(SolutionConfigurationPlatforms) = preSolution
		Debug|Any CPU = Debug|Any CPU
		Release|Any CPU = Release|Any CPU
	EndGlobalSection
	GlobalSection(ProjectConfigurationPlatforms) = postSolution
		{3A180231-4A5A-427C-9BFC-E096D4989FD0}.Debug|Any CPU.ActiveCfg = Debug|Any CPU
		{3A180231-4A5A-427C-9BFC-E096D4989FD0}.Debug|Any CPU.Build.0 = Debug|Any CPU
		{3A180231-4A5A-427C-9BFC-E096D4989FD0}.Release|Any CPU.ActiveCfg = Release|Any CPU
		{3A180231-4A5A-427C-9BFC-E096D4989FD0}.Release|Any CPU.Build.0 = Release|Any CPU
	EndGlobalSection
	GlobalSection(SolutionProperties) = preSolution
		HideSolutionNode = FALSE
	EndGlobalSection
	GlobalSection(ExtensibilityGlobals) = postSolution
		SolutionGuid = {8445BBC3-A3D0-4675-87E1-D25CA6FB4F8A}
	EndGlobalSection
EndGlobal
